// !$*UTF8*$!
{
	archiveVersion = 1;
	classes = {
	};
	objectVersion = 46;
	objects = {

/* Begin PBXBuildFile section */
		C79E9C1C18EA755A00335403 /* XCTest.framework in Frameworks */ = {isa = PBXBuildFile; fileRef = C79E9C1B18EA755A00335403 /* XCTest.framework */; };
		C79E9C2418EA755A00335403 /* KvadTests.m in Sources */ = {isa = PBXBuildFile; fileRef = C79E9C2318EA755A00335403 /* KvadTests.m */; };
		C79E9C2C18EA75AA00335403 /* kvad.c in Sources */ = {isa = PBXBuildFile; fileRef = C79E9C2A18EA75AA00335403 /* kvad.c */; };
/* End PBXBuildFile section */

/* Begin PBXFileReference section */
		C79E9C1818EA755A00335403 /* KvadTests.xctest */ = {isa = PBXFileReference; explicitFileType = wrapper.cfbundle; includeInIndex = 0; path = KvadTests.xctest; sourceTree = BUILT_PRODUCTS_DIR; };
		C79E9C1B18EA755A00335403 /* XCTest.framework */ = {isa = PBXFileReference; lastKnownFileType = wrapper.framework; name = XCTest.framework; path = Library/Frameworks/XCTest.framework; sourceTree = DEVELOPER_DIR; };
		C79E9C2318EA755A00335403 /* KvadTests.m */ = {isa = PBXFileReference; lastKnownFileType = sourcecode.c.objc; name = KvadTests.m; path = test/KvadTests.m; sourceTree = "<group>"; };
		C79E9C2A18EA75AA00335403 /* kvad.c */ = {isa = PBXFileReference; fileEncoding = 4; lastKnownFileType = sourcecode.c.c; name = kvad.c; path = ../src/kvad.c; sourceTree = "<group>"; };
		C79E9C2B18EA75AA00335403 /* kvad.h */ = {isa = PBXFileReference; fileEncoding = 4; lastKnownFileType = sourcecode.c.h; name = kvad.h; path = ../src/kvad.h; sourceTree = "<group>"; };
/* End PBXFileReference section */

/* Begin PBXFrameworksBuildPhase section */
		C79E9C1518EA755A00335403 /* Frameworks */ = {
			isa = PBXFrameworksBuildPhase;
			buildActionMask = 2147483647;
			files = (
				C79E9C1C18EA755A00335403 /* XCTest.framework in Frameworks */,
			);
			runOnlyForDeploymentPostprocessing = 0;
		};
/* End PBXFrameworksBuildPhase section */

/* Begin PBXGroup section */
		C79E9C1918EA755A00335403 /* Products */ = {
			isa = PBXGroup;
			children = (
				C79E9C1818EA755A00335403 /* KvadTests.xctest */,
			);
			name = Products;
			sourceTree = "<group>";
		};
		C79E9C1A18EA755A00335403 /* Frameworks */ = {
			isa = PBXGroup;
			children = (
				C79E9C1B18EA755A00335403 /* XCTest.framework */,
			);
			name = Frameworks;
			sourceTree = "<group>";
		};
		C79E9C2918EA759200335403 /* Sources */ = {
			isa = PBXGroup;
			children = (
				C79E9C2A18EA75AA00335403 /* kvad.c */,
				C79E9C2B18EA75AA00335403 /* kvad.h */,
			);
			name = Sources;
			path = src;
			sourceTree = SOURCE_ROOT;
		};
		C7A1F1EF18EA74C40035034A = {
			isa = PBXGroup;
			children = (
				C79E9C2318EA755A00335403 /* KvadTests.m */,
				C79E9C2918EA759200335403 /* Sources */,
				C79E9C1A18EA755A00335403 /* Frameworks */,
				C79E9C1918EA755A00335403 /* Products */,
			);
			sourceTree = "<group>";
		};
/* End PBXGroup section */

/* Begin PBXNativeTarget section */
		C79E9C1718EA755A00335403 /* KvadTests */ = {
			isa = PBXNativeTarget;
			buildConfigurationList = C79E9C2618EA755A00335403 /* Build configuration list for PBXNativeTarget "KvadTests" */;
			buildPhases = (
				C79E9C1418EA755A00335403 /* Sources */,
				C79E9C1518EA755A00335403 /* Frameworks */,
				C79E9C1618EA755A00335403 /* Resources */,
			);
			buildRules = (
			);
			dependencies = (
			);
			name = KvadTests;
			productName = KvadTests;
			productReference = C79E9C1818EA755A00335403 /* KvadTests.xctest */;
			productType = "com.apple.product-type.bundle.unit-test";
		};
/* End PBXNativeTarget section */

/* Begin PBXProject section */
		C7A1F1F018EA74C40035034A /* Project object */ = {
			isa = PBXProject;
			attributes = {
				LastUpgradeCheck = 0510;
			};
			buildConfigurationList = C7A1F1F318EA74C40035034A /* Build configuration list for PBXProject "kvad" */;
			compatibilityVersion = "Xcode 3.2";
			developmentRegion = English;
			hasScannedForEncodings = 0;
			knownRegions = (
				en,
			);
			mainGroup = C7A1F1EF18EA74C40035034A;
			productRefGroup = C79E9C1918EA755A00335403 /* Products */;
			projectDirPath = "";
			projectRoot = "";
			targets = (
				C79E9C1718EA755A00335403 /* KvadTests */,
			);
		};
/* End PBXProject section */

/* Begin PBXResourcesBuildPhase section */
		C79E9C1618EA755A00335403 /* Resources */ = {
			isa = PBXResourcesBuildPhase;
			buildActionMask = 2147483647;
			files = (
			);
			runOnlyForDeploymentPostprocessing = 0;
		};
/* End PBXResourcesBuildPhase section */

/* Begin PBXSourcesBuildPhase section */
		C79E9C1418EA755A00335403 /* Sources */ = {
			isa = PBXSourcesBuildPhase;
			buildActionMask = 2147483647;
			files = (
				C79E9C2418EA755A00335403 /* KvadTests.m in Sources */,
				C79E9C2C18EA75AA00335403 /* kvad.c in Sources */,
			);
			runOnlyForDeploymentPostprocessing = 0;
		};
/* End PBXSourcesBuildPhase section */

/* Begin XCBuildConfiguration section */
		C79E9C2718EA755A00335403 /* Debug */ = {
			isa = XCBuildConfiguration;
			buildSettings = {
				ALWAYS_SEARCH_USER_PATHS = NO;
				CLANG_CXX_LANGUAGE_STANDARD = "gnu++0x";
				CLANG_CXX_LIBRARY = "libc++";
				CLANG_ENABLE_MODULES = YES;
				CLANG_ENABLE_OBJC_ARC = YES;
				CLANG_WARN_BOOL_CONVERSION = YES;
				CLANG_WARN_CONSTANT_CONVERSION = YES;
				CLANG_WARN_DIRECT_OBJC_ISA_USAGE = YES_ERROR;
				CLANG_WARN_EMPTY_BODY = YES;
				CLANG_WARN_ENUM_CONVERSION = YES;
				CLANG_WARN_IMPLICIT_SIGN_CONVERSION = NO;
				CLANG_WARN_INT_CONVERSION = YES;
				CLANG_WARN_OBJC_ROOT_CLASS = YES_ERROR;
				CLANG_WARN_SUSPICIOUS_IMPLICIT_CONVERSION = YES;
				CLANG_WARN__DUPLICATE_METHOD_MATCH = YES;
				COPY_PHASE_STRIP = NO;
				FRAMEWORK_SEARCH_PATHS = (
					"$(DEVELOPER_FRAMEWORKS_DIR)",
					"$(inherited)",
				);
				GCC_C_LANGUAGE_STANDARD = gnu99;
				GCC_DYNAMIC_NO_PIC = NO;
				GCC_ENABLE_OBJC_EXCEPTIONS = YES;
				GCC_OPTIMIZATION_LEVEL = 0;
				GCC_PRECOMPILE_PREFIX_HEADER = YES;
				GCC_PREFIX_HEADER = "";
				GCC_PREPROCESSOR_DEFINITIONS = (
					"DEBUG=1",
					"$(inherited)",
				);
				GCC_SYMBOLS_PRIVATE_EXTERN = NO;
				GCC_TREAT_INCOMPATIBLE_POINTER_TYPE_WARNINGS_AS_ERRORS = YES;
				GCC_WARN_64_TO_32_BIT_CONVERSION = YES;
				GCC_WARN_ABOUT_MISSING_FIELD_INITIALIZERS = YES;
				GCC_WARN_ABOUT_MISSING_PROTOTYPES = YES;
				GCC_WARN_ABOUT_RETURN_TYPE = YES_ERROR;
				GCC_WARN_INITIALIZER_NOT_FULLY_BRACKETED = YES;
				GCC_WARN_SHADOW = YES;
				GCC_WARN_SIGN_COMPARE = NO;
				GCC_WARN_UNDECLARED_SELECTOR = YES;
				GCC_WARN_UNINITIALIZED_AUTOS = YES_AGGRESSIVE;
				GCC_WARN_UNUSED_FUNCTION = YES;
				GCC_WARN_UNUSED_VARIABLE = YES;
				INFOPLIST_FILE = "";
				MACOSX_DEPLOYMENT_TARGET = 10.9;
				ONLY_ACTIVE_ARCH = YES;
				OTHER_CFLAGS = "-DKVAD_ASSERTS=1";
				PRODUCT_NAME = "$(TARGET_NAME)";
				SDKROOT = macosx;
				WRAPPER_EXTENSION = xctest;
			};
			name = Debug;
		};
		C79E9C2818EA755A00335403 /* Release */ = {
			isa = XCBuildConfiguration;
			buildSettings = {
				ALWAYS_SEARCH_USER_PATHS = NO;
				CLANG_CXX_LANGUAGE_STANDARD = "gnu++0x";
				CLANG_CXX_LIBRARY = "libc++";
				CLANG_ENABLE_MODULES = YES;
				CLANG_ENABLE_OBJC_ARC = YES;
				CLANG_WARN_BOOL_CONVERSION = YES;
				CLANG_WARN_CONSTANT_CONVERSION = YES;
				CLANG_WARN_DIRECT_OBJC_ISA_USAGE = YES_ERROR;
				CLANG_WARN_EMPTY_BODY = YES;
				CLANG_WARN_ENUM_CONVERSION = YES;
				CLANG_WARN_IMPLICIT_SIGN_CONVERSION = NO;
				CLANG_WARN_INT_CONVERSION = YES;
				CLANG_WARN_OBJC_ROOT_CLASS = YES_ERROR;
				CLANG_WARN_SUSPICIOUS_IMPLICIT_CONVERSION = YES;
				CLANG_WARN__DUPLICATE_METHOD_MATCH = YES;
				COPY_PHASE_STRIP = YES;
				DEBUG_INFORMATION_FORMAT = "dwarf-with-dsym";
				ENABLE_NS_ASSERTIONS = NO;
				FRAMEWORK_SEARCH_PATHS = (
					"$(DEVELOPER_FRAMEWORKS_DIR)",
					"$(inherited)",
				);
				GCC_C_LANGUAGE_STANDARD = gnu99;
				GCC_ENABLE_OBJC_EXCEPTIONS = YES;
				GCC_PRECOMPILE_PREFIX_HEADER = YES;
				GCC_PREFIX_HEADER = "";
				GCC_TREAT_INCOMPATIBLE_POINTER_TYPE_WARNINGS_AS_ERRORS = YES;
				GCC_WARN_64_TO_32_BIT_CONVERSION = YES;
				GCC_WARN_ABOUT_MISSING_FIELD_INITIALIZERS = YES;
				GCC_WARN_ABOUT_MISSING_PROTOTYPES = YES;
				GCC_WARN_ABOUT_RETURN_TYPE = YES_ERROR;
				GCC_WARN_INITIALIZER_NOT_FULLY_BRACKETED = YES;
				GCC_WARN_SHADOW = YES;
				GCC_WARN_SIGN_COMPARE = NO;
				GCC_WARN_UNDECLARED_SELECTOR = YES;
				GCC_WARN_UNINITIALIZED_AUTOS = YES_AGGRESSIVE;
				GCC_WARN_UNUSED_FUNCTION = YES;
				GCC_WARN_UNUSED_VARIABLE = YES;
				INFOPLIST_FILE = "";
				MACOSX_DEPLOYMENT_TARGET = 10.9;
				OTHER_CFLAGS = "-DKVAD_ASSERTS=1";
				PRODUCT_NAME = "$(TARGET_NAME)";
				SDKROOT = macosx;
				WRAPPER_EXTENSION = xctest;
			};
			name = Release;
		};
		C7A1F1F418EA74C40035034A /* Debug */ = {
			isa = XCBuildConfiguration;
			buildSettings = {
				CLANG_WARN_DOCUMENTATION_COMMENTS = YES;
				GCC_TREAT_WARNINGS_AS_ERRORS = YES;
			};
			name = Debug;
		};
		C7A1F1F518EA74C40035034A /* Release */ = {
			isa = XCBuildConfiguration;
			buildSettings = {
				CLANG_WARN_DOCUMENTATION_COMMENTS = YES;
				GCC_TREAT_WARNINGS_AS_ERRORS = YES;
			};
			name = Release;
		};
/* End XCBuildConfiguration section */

/* Begin XCConfigurationList section */
		C79E9C2618EA755A00335403 /* Build configuration list for PBXNativeTarget "KvadTests" */ = {
			isa = XCConfigurationList;
			buildConfigurations = (
				C79E9C2718EA755A00335403 /* Debug */,
				C79E9C2818EA755A00335403 /* Release */,
			);
			defaultConfigurationIsVisible = 0;
			defaultConfigurationName = Release;
		};
		C7A1F1F318EA74C40035034A /* Build configuration list for PBXProject "kvad" */ = {
			isa = XCConfigurationList;
			buildConfigurations = (
				C7A1F1F418EA74C40035034A /* Debug */,
				C7A1F1F518EA74C40035034A /* Release */,
			);
			defaultConfigurationIsVisible = 0;
			defaultConfigurationName = Release;
		};
/* End XCConfigurationList section */
	};
	rootObject = C7A1F1F018EA74C40035034A /* Project object */;
}
